// !$*UTF8*$!
{
	archiveVersion = 1;
	classes = {
	};
	objectVersion = 56;
	objects = {

/* Begin PBXBuildFile section */
		47FC0D98645C2C3CA0CD725C /* Pods_Carefer.framework in Frameworks */ = {isa = PBXBuildFile; fileRef = DA6C6D0435E4780C9EEDB327 /* Pods_Carefer.framework */; };
		52E35C582943205300319B74 /* SwiftUIViews.swift in Sources */ = {isa = PBXBuildFile; fileRef = 52E35C572943205300319B74 /* SwiftUIViews.swift */; };
		52E35C5B2943218000319B74 /* Const.swift in Sources */ = {isa = PBXBuildFile; fileRef = 52E35C5A2943218000319B74 /* Const.swift */; };
		52E35C5E2943226E00319B74 /* Colors.swift in Sources */ = {isa = PBXBuildFile; fileRef = 52E35C5D2943226E00319B74 /* Colors.swift */; };
		52E35C65294325FF00319B74 /* Rubik-Light.ttf in Resources */ = {isa = PBXBuildFile; fileRef = 52E35C60294325FF00319B74 /* Rubik-Light.ttf */; };
		52E35C66294325FF00319B74 /* Rubik-Medium.ttf in Resources */ = {isa = PBXBuildFile; fileRef = 52E35C61294325FF00319B74 /* Rubik-Medium.ttf */; };
		52E35C67294325FF00319B74 /* Rubik-Regular.ttf in Resources */ = {isa = PBXBuildFile; fileRef = 52E35C62294325FF00319B74 /* Rubik-Regular.ttf */; };
		52E35C68294325FF00319B74 /* Rubik-Bold.ttf in Resources */ = {isa = PBXBuildFile; fileRef = 52E35C63294325FF00319B74 /* Rubik-Bold.ttf */; };
		52E35C69294325FF00319B74 /* Rubik-SemiBold.ttf in Resources */ = {isa = PBXBuildFile; fileRef = 52E35C64294325FF00319B74 /* Rubik-SemiBold.ttf */; };
		52E35C702946461700319B74 /* DateUtils.swift in Sources */ = {isa = PBXBuildFile; fileRef = 52E35C6F2946461700319B74 /* DateUtils.swift */; };
		52E35C752946537700319B74 /* String+Date.swift in Sources */ = {isa = PBXBuildFile; fileRef = 52E35C742946537700319B74 /* String+Date.swift */; };
		52E35C772946565200319B74 /* GroupElements.swift in Sources */ = {isa = PBXBuildFile; fileRef = 52E35C762946565200319B74 /* GroupElements.swift */; };
		52E35C7B2946659700319B74 /* MatchCard.swift in Sources */ = {isa = PBXBuildFile; fileRef = 52E35C7A2946659700319B74 /* MatchCard.swift */; };
		52E35CF22947EACE00319B74 /* LocalStorage.swift in Sources */ = {isa = PBXBuildFile; fileRef = 52E35CF12947EACE00319B74 /* LocalStorage.swift */; };
		52F11D3D293F7CC600DB0005 /* CareferApp.swift in Sources */ = {isa = PBXBuildFile; fileRef = 52F11D3C293F7CC600DB0005 /* CareferApp.swift */; };
		52F11D3F293F7CC600DB0005 /* MatchesView.swift in Sources */ = {isa = PBXBuildFile; fileRef = 52F11D3E293F7CC600DB0005 /* MatchesView.swift */; };
		52F11D41293F7CC700DB0005 /* Assets.xcassets in Resources */ = {isa = PBXBuildFile; fileRef = 52F11D40293F7CC700DB0005 /* Assets.xcassets */; };
		52F11D44293F7CC700DB0005 /* Preview Assets.xcassets in Resources */ = {isa = PBXBuildFile; fileRef = 52F11D43293F7CC700DB0005 /* Preview Assets.xcassets */; };
		52F11D4E293F7CC800DB0005 /* CareferTests.swift in Sources */ = {isa = PBXBuildFile; fileRef = 52F11D4D293F7CC800DB0005 /* CareferTests.swift */; };
		52F11D58293F7CC800DB0005 /* CareferUITests.swift in Sources */ = {isa = PBXBuildFile; fileRef = 52F11D57293F7CC800DB0005 /* CareferUITests.swift */; };
		52F11D5A293F7CC800DB0005 /* CareferUITestsLaunchTests.swift in Sources */ = {isa = PBXBuildFile; fileRef = 52F11D59293F7CC800DB0005 /* CareferUITestsLaunchTests.swift */; };
		52F11D77293F7DFD00DB0005 /* Score.swift in Sources */ = {isa = PBXBuildFile; fileRef = 52F11D68293F7DFC00DB0005 /* Score.swift */; };
		52F11D78293F7DFD00DB0005 /* HalfTime.swift in Sources */ = {isa = PBXBuildFile; fileRef = 52F11D69293F7DFC00DB0005 /* HalfTime.swift */; };
		52F11D79293F7DFD00DB0005 /* Area.swift in Sources */ = {isa = PBXBuildFile; fileRef = 52F11D6A293F7DFC00DB0005 /* Area.swift */; };
		52F11D7A293F7DFD00DB0005 /* Filters.swift in Sources */ = {isa = PBXBuildFile; fileRef = 52F11D6B293F7DFC00DB0005 /* Filters.swift */; };
		52F11D7B293F7DFD00DB0005 /* HomeTeam.swift in Sources */ = {isa = PBXBuildFile; fileRef = 52F11D6C293F7DFC00DB0005 /* HomeTeam.swift */; };
		52F11D7C293F7DFD00DB0005 /* Penalties.swift in Sources */ = {isa = PBXBuildFile; fileRef = 52F11D6D293F7DFC00DB0005 /* Penalties.swift */; };
		52F11D7D293F7DFD00DB0005 /* FullTime.swift in Sources */ = {isa = PBXBuildFile; fileRef = 52F11D6E293F7DFC00DB0005 /* FullTime.swift */; };
		52F11D7E293F7DFD00DB0005 /* Competition.swift in Sources */ = {isa = PBXBuildFile; fileRef = 52F11D6F293F7DFC00DB0005 /* Competition.swift */; };
		52F11D7F293F7DFD00DB0005 /* Matches.swift in Sources */ = {isa = PBXBuildFile; fileRef = 52F11D70293F7DFC00DB0005 /* Matches.swift */; };
		52F11D80293F7DFD00DB0005 /* MatchesList.swift in Sources */ = {isa = PBXBuildFile; fileRef = 52F11D71293F7DFC00DB0005 /* MatchesList.swift */; };
		52F11D81293F7DFD00DB0005 /* AwayTeam.swift in Sources */ = {isa = PBXBuildFile; fileRef = 52F11D72293F7DFC00DB0005 /* AwayTeam.swift */; };
		52F11D82293F7DFD00DB0005 /* Season.swift in Sources */ = {isa = PBXBuildFile; fileRef = 52F11D73293F7DFC00DB0005 /* Season.swift */; };
		52F11D83293F7DFD00DB0005 /* Odds.swift in Sources */ = {isa = PBXBuildFile; fileRef = 52F11D74293F7DFC00DB0005 /* Odds.swift */; };
		52F11D84293F7DFD00DB0005 /* ExtraTime.swift in Sources */ = {isa = PBXBuildFile; fileRef = 52F11D75293F7DFC00DB0005 /* ExtraTime.swift */; };
		52F11D85293F7DFD00DB0005 /* Referees.swift in Sources */ = {isa = PBXBuildFile; fileRef = 52F11D76293F7DFD00DB0005 /* Referees.swift */; };
		52F11D87293F805000DB0005 /* ApiService.swift in Sources */ = {isa = PBXBuildFile; fileRef = 52F11D86293F805000DB0005 /* ApiService.swift */; };
		52F11D89293F9C7900DB0005 /* ApiManager.swift in Sources */ = {isa = PBXBuildFile; fileRef = 52F11D88293F9C7900DB0005 /* ApiManager.swift */; };
		52F11D8D293F9CFA00DB0005 /* ApiConst.swift in Sources */ = {isa = PBXBuildFile; fileRef = 52F11D8C293F9CFA00DB0005 /* ApiConst.swift */; };
		52F11D8F293F9DA300DB0005 /* ApiError.swift in Sources */ = {isa = PBXBuildFile; fileRef = 52F11D8E293F9DA300DB0005 /* ApiError.swift */; };
		52F11D94293FF9CE00DB0005 /* MatchesViewModel.swift in Sources */ = {isa = PBXBuildFile; fileRef = 52F11D93293FF9CE00DB0005 /* MatchesViewModel.swift */; };
		52F11D96293FFD3100DB0005 /* ErrorHandler.swift in Sources */ = {isa = PBXBuildFile; fileRef = 52F11D95293FFD3100DB0005 /* ErrorHandler.swift */; };
		FA63C286FD57AEDF85262482 /* Pods_Carefer_CareferUITests.framework in Frameworks */ = {isa = PBXBuildFile; fileRef = AD9CCEFD15C051C553D16096 /* Pods_Carefer_CareferUITests.framework */; };
		FF9FB3292C152C708442F4F5 /* Pods_CareferTests.framework in Frameworks */ = {isa = PBXBuildFile; fileRef = 53E9D5DB26E5D236DD43C28A /* Pods_CareferTests.framework */; };
/* End PBXBuildFile section */

/* Begin PBXContainerItemProxy section */
		52F11D4A293F7CC700DB0005 /* PBXContainerItemProxy */ = {
			isa = PBXContainerItemProxy;
			containerPortal = 52F11D31293F7CC500DB0005 /* Project object */;
			proxyType = 1;
			remoteGlobalIDString = 52F11D38293F7CC600DB0005;
			remoteInfo = Carefer;
		};
		52F11D54293F7CC800DB0005 /* PBXContainerItemProxy */ = {
			isa = PBXContainerItemProxy;
			containerPortal = 52F11D31293F7CC500DB0005 /* Project object */;
			proxyType = 1;
			remoteGlobalIDString = 52F11D38293F7CC600DB0005;
			remoteInfo = Carefer;
		};
/* End PBXContainerItemProxy section */

/* Begin PBXFileReference section */
		10FBA7369C74B56790144DC7 /* Pods-CareferTests.debug.xcconfig */ = {isa = PBXFileReference; includeInIndex = 1; lastKnownFileType = text.xcconfig; name = "Pods-CareferTests.debug.xcconfig"; path = "Target Support Files/Pods-CareferTests/Pods-CareferTests.debug.xcconfig"; sourceTree = "<group>"; };
		52E35C572943205300319B74 /* SwiftUIViews.swift */ = {isa = PBXFileReference; lastKnownFileType = sourcecode.swift; path = SwiftUIViews.swift; sourceTree = "<group>"; };
		52E35C5A2943218000319B74 /* Const.swift */ = {isa = PBXFileReference; lastKnownFileType = sourcecode.swift; path = Const.swift; sourceTree = "<group>"; };
		52E35C5D2943226E00319B74 /* Colors.swift */ = {isa = PBXFileReference; lastKnownFileType = sourcecode.swift; path = Colors.swift; sourceTree = "<group>"; };
		52E35C60294325FF00319B74 /* Rubik-Light.ttf */ = {isa = PBXFileReference; lastKnownFileType = file; path = "Rubik-Light.ttf"; sourceTree = "<group>"; };
		52E35C61294325FF00319B74 /* Rubik-Medium.ttf */ = {isa = PBXFileReference; lastKnownFileType = file; path = "Rubik-Medium.ttf"; sourceTree = "<group>"; };
		52E35C62294325FF00319B74 /* Rubik-Regular.ttf */ = {isa = PBXFileReference; lastKnownFileType = file; path = "Rubik-Regular.ttf"; sourceTree = "<group>"; };
		52E35C63294325FF00319B74 /* Rubik-Bold.ttf */ = {isa = PBXFileReference; lastKnownFileType = file; path = "Rubik-Bold.ttf"; sourceTree = "<group>"; };
		52E35C64294325FF00319B74 /* Rubik-SemiBold.ttf */ = {isa = PBXFileReference; lastKnownFileType = file; path = "Rubik-SemiBold.ttf"; sourceTree = "<group>"; };
		52E35C6A2943264600319B74 /* Info.plist */ = {isa = PBXFileReference; lastKnownFileType = text.plist; path = Info.plist; sourceTree = "<group>"; };
		52E35C6F2946461700319B74 /* DateUtils.swift */ = {isa = PBXFileReference; lastKnownFileType = sourcecode.swift; path = DateUtils.swift; sourceTree = "<group>"; };
		52E35C742946537700319B74 /* String+Date.swift */ = {isa = PBXFileReference; lastKnownFileType = sourcecode.swift; path = "String+Date.swift"; sourceTree = "<group>"; };
		52E35C762946565200319B74 /* GroupElements.swift */ = {isa = PBXFileReference; lastKnownFileType = sourcecode.swift; path = GroupElements.swift; sourceTree = "<group>"; };
		52E35C7A2946659700319B74 /* MatchCard.swift */ = {isa = PBXFileReference; lastKnownFileType = sourcecode.swift; path = MatchCard.swift; sourceTree = "<group>"; };
		52E35CF12947EACE00319B74 /* LocalStorage.swift */ = {isa = PBXFileReference; lastKnownFileType = sourcecode.swift; path = LocalStorage.swift; sourceTree = "<group>"; };
		52F11D39293F7CC600DB0005 /* Carefer.app */ = {isa = PBXFileReference; explicitFileType = wrapper.application; includeInIndex = 0; path = Carefer.app; sourceTree = BUILT_PRODUCTS_DIR; };
		52F11D3C293F7CC600DB0005 /* CareferApp.swift */ = {isa = PBXFileReference; lastKnownFileType = sourcecode.swift; path = CareferApp.swift; sourceTree = "<group>"; };
		52F11D3E293F7CC600DB0005 /* MatchesView.swift */ = {isa = PBXFileReference; lastKnownFileType = sourcecode.swift; path = MatchesView.swift; sourceTree = "<group>"; };
		52F11D40293F7CC700DB0005 /* Assets.xcassets */ = {isa = PBXFileReference; lastKnownFileType = folder.assetcatalog; path = Assets.xcassets; sourceTree = "<group>"; };
		52F11D43293F7CC700DB0005 /* Preview Assets.xcassets */ = {isa = PBXFileReference; lastKnownFileType = folder.assetcatalog; path = "Preview Assets.xcassets"; sourceTree = "<group>"; };
		52F11D49293F7CC700DB0005 /* CareferTests.xctest */ = {isa = PBXFileReference; explicitFileType = wrapper.cfbundle; includeInIndex = 0; path = CareferTests.xctest; sourceTree = BUILT_PRODUCTS_DIR; };
		52F11D4D293F7CC800DB0005 /* CareferTests.swift */ = {isa = PBXFileReference; lastKnownFileType = sourcecode.swift; path = CareferTests.swift; sourceTree = "<group>"; };
		52F11D53293F7CC800DB0005 /* CareferUITests.xctest */ = {isa = PBXFileReference; explicitFileType = wrapper.cfbundle; includeInIndex = 0; path = CareferUITests.xctest; sourceTree = BUILT_PRODUCTS_DIR; };
		52F11D57293F7CC800DB0005 /* CareferUITests.swift */ = {isa = PBXFileReference; lastKnownFileType = sourcecode.swift; path = CareferUITests.swift; sourceTree = "<group>"; };
		52F11D59293F7CC800DB0005 /* CareferUITestsLaunchTests.swift */ = {isa = PBXFileReference; lastKnownFileType = sourcecode.swift; path = CareferUITestsLaunchTests.swift; sourceTree = "<group>"; };
		52F11D68293F7DFC00DB0005 /* Score.swift */ = {isa = PBXFileReference; fileEncoding = 4; lastKnownFileType = sourcecode.swift; path = Score.swift; sourceTree = "<group>"; };
		52F11D69293F7DFC00DB0005 /* HalfTime.swift */ = {isa = PBXFileReference; fileEncoding = 4; lastKnownFileType = sourcecode.swift; path = HalfTime.swift; sourceTree = "<group>"; };
		52F11D6A293F7DFC00DB0005 /* Area.swift */ = {isa = PBXFileReference; fileEncoding = 4; lastKnownFileType = sourcecode.swift; path = Area.swift; sourceTree = "<group>"; };
		52F11D6B293F7DFC00DB0005 /* Filters.swift */ = {isa = PBXFileReference; fileEncoding = 4; lastKnownFileType = sourcecode.swift; path = Filters.swift; sourceTree = "<group>"; };
		52F11D6C293F7DFC00DB0005 /* HomeTeam.swift */ = {isa = PBXFileReference; fileEncoding = 4; lastKnownFileType = sourcecode.swift; path = HomeTeam.swift; sourceTree = "<group>"; };
		52F11D6D293F7DFC00DB0005 /* Penalties.swift */ = {isa = PBXFileReference; fileEncoding = 4; lastKnownFileType = sourcecode.swift; path = Penalties.swift; sourceTree = "<group>"; };
		52F11D6E293F7DFC00DB0005 /* FullTime.swift */ = {isa = PBXFileReference; fileEncoding = 4; lastKnownFileType = sourcecode.swift; path = FullTime.swift; sourceTree = "<group>"; };
		52F11D6F293F7DFC00DB0005 /* Competition.swift */ = {isa = PBXFileReference; fileEncoding = 4; lastKnownFileType = sourcecode.swift; path = Competition.swift; sourceTree = "<group>"; };
		52F11D70293F7DFC00DB0005 /* Matches.swift */ = {isa = PBXFileReference; fileEncoding = 4; lastKnownFileType = sourcecode.swift; path = Matches.swift; sourceTree = "<group>"; };
		52F11D71293F7DFC00DB0005 /* MatchesList.swift */ = {isa = PBXFileReference; fileEncoding = 4; lastKnownFileType = sourcecode.swift; path = MatchesList.swift; sourceTree = "<group>"; };
		52F11D72293F7DFC00DB0005 /* AwayTeam.swift */ = {isa = PBXFileReference; fileEncoding = 4; lastKnownFileType = sourcecode.swift; path = AwayTeam.swift; sourceTree = "<group>"; };
		52F11D73293F7DFC00DB0005 /* Season.swift */ = {isa = PBXFileReference; fileEncoding = 4; lastKnownFileType = sourcecode.swift; path = Season.swift; sourceTree = "<group>"; };
		52F11D74293F7DFC00DB0005 /* Odds.swift */ = {isa = PBXFileReference; fileEncoding = 4; lastKnownFileType = sourcecode.swift; path = Odds.swift; sourceTree = "<group>"; };
		52F11D75293F7DFC00DB0005 /* ExtraTime.swift */ = {isa = PBXFileReference; fileEncoding = 4; lastKnownFileType = sourcecode.swift; path = ExtraTime.swift; sourceTree = "<group>"; };
		52F11D76293F7DFD00DB0005 /* Referees.swift */ = {isa = PBXFileReference; fileEncoding = 4; lastKnownFileType = sourcecode.swift; path = Referees.swift; sourceTree = "<group>"; };
		52F11D86293F805000DB0005 /* ApiService.swift */ = {isa = PBXFileReference; lastKnownFileType = sourcecode.swift; path = ApiService.swift; sourceTree = "<group>"; };
		52F11D88293F9C7900DB0005 /* ApiManager.swift */ = {isa = PBXFileReference; lastKnownFileType = sourcecode.swift; path = ApiManager.swift; sourceTree = "<group>"; };
		52F11D8C293F9CFA00DB0005 /* ApiConst.swift */ = {isa = PBXFileReference; lastKnownFileType = sourcecode.swift; path = ApiConst.swift; sourceTree = "<group>"; };
		52F11D8E293F9DA300DB0005 /* ApiError.swift */ = {isa = PBXFileReference; lastKnownFileType = sourcecode.swift; path = ApiError.swift; sourceTree = "<group>"; };
		52F11D93293FF9CE00DB0005 /* MatchesViewModel.swift */ = {isa = PBXFileReference; lastKnownFileType = sourcecode.swift; path = MatchesViewModel.swift; sourceTree = "<group>"; };
		52F11D95293FFD3100DB0005 /* ErrorHandler.swift */ = {isa = PBXFileReference; lastKnownFileType = sourcecode.swift; path = ErrorHandler.swift; sourceTree = "<group>"; };
		53E9D5DB26E5D236DD43C28A /* Pods_CareferTests.framework */ = {isa = PBXFileReference; explicitFileType = wrapper.framework; includeInIndex = 0; path = Pods_CareferTests.framework; sourceTree = BUILT_PRODUCTS_DIR; };
		590C3622832333492BC13974 /* Pods-Carefer-CareferUITests.release.xcconfig */ = {isa = PBXFileReference; includeInIndex = 1; lastKnownFileType = text.xcconfig; name = "Pods-Carefer-CareferUITests.release.xcconfig"; path = "Target Support Files/Pods-Carefer-CareferUITests/Pods-Carefer-CareferUITests.release.xcconfig"; sourceTree = "<group>"; };
		79D0A18364BD04AD91C15A0E /* Pods-Carefer-CareferUITests.debug.xcconfig */ = {isa = PBXFileReference; includeInIndex = 1; lastKnownFileType = text.xcconfig; name = "Pods-Carefer-CareferUITests.debug.xcconfig"; path = "Target Support Files/Pods-Carefer-CareferUITests/Pods-Carefer-CareferUITests.debug.xcconfig"; sourceTree = "<group>"; };
		96FCD81A463F0F85D62D3267 /* Pods-CareferTests.release.xcconfig */ = {isa = PBXFileReference; includeInIndex = 1; lastKnownFileType = text.xcconfig; name = "Pods-CareferTests.release.xcconfig"; path = "Target Support Files/Pods-CareferTests/Pods-CareferTests.release.xcconfig"; sourceTree = "<group>"; };
		AD9CCEFD15C051C553D16096 /* Pods_Carefer_CareferUITests.framework */ = {isa = PBXFileReference; explicitFileType = wrapper.framework; includeInIndex = 0; path = Pods_Carefer_CareferUITests.framework; sourceTree = BUILT_PRODUCTS_DIR; };
		B3E7D0DC6FDFD5D93DFE3F82 /* Pods-Carefer.debug.xcconfig */ = {isa = PBXFileReference; includeInIndex = 1; lastKnownFileType = text.xcconfig; name = "Pods-Carefer.debug.xcconfig"; path = "Target Support Files/Pods-Carefer/Pods-Carefer.debug.xcconfig"; sourceTree = "<group>"; };
		D977C31593541F9B6EF625FF /* Pods-Carefer.release.xcconfig */ = {isa = PBXFileReference; includeInIndex = 1; lastKnownFileType = text.xcconfig; name = "Pods-Carefer.release.xcconfig"; path = "Target Support Files/Pods-Carefer/Pods-Carefer.release.xcconfig"; sourceTree = "<group>"; };
		DA6C6D0435E4780C9EEDB327 /* Pods_Carefer.framework */ = {isa = PBXFileReference; explicitFileType = wrapper.framework; includeInIndex = 0; path = Pods_Carefer.framework; sourceTree = BUILT_PRODUCTS_DIR; };
/* End PBXFileReference section */

/* Begin PBXFrameworksBuildPhase section */
		52F11D36293F7CC600DB0005 /* Frameworks */ = {
			isa = PBXFrameworksBuildPhase;
			buildActionMask = 2147483647;
			files = (
				47FC0D98645C2C3CA0CD725C /* Pods_Carefer.framework in Frameworks */,
			);
			runOnlyForDeploymentPostprocessing = 0;
		};
		52F11D46293F7CC700DB0005 /* Frameworks */ = {
			isa = PBXFrameworksBuildPhase;
			buildActionMask = 2147483647;
			files = (
				FF9FB3292C152C708442F4F5 /* Pods_CareferTests.framework in Frameworks */,
			);
			runOnlyForDeploymentPostprocessing = 0;
		};
		52F11D50293F7CC800DB0005 /* Frameworks */ = {
			isa = PBXFrameworksBuildPhase;
			buildActionMask = 2147483647;
			files = (
				FA63C286FD57AEDF85262482 /* Pods_Carefer_CareferUITests.framework in Frameworks */,
			);
			runOnlyForDeploymentPostprocessing = 0;
		};
/* End PBXFrameworksBuildPhase section */

/* Begin PBXGroup section */
		3F9A963F6BEAC81E65F18877 /* Frameworks */ = {
			isa = PBXGroup;
			children = (
				DA6C6D0435E4780C9EEDB327 /* Pods_Carefer.framework */,
				AD9CCEFD15C051C553D16096 /* Pods_Carefer_CareferUITests.framework */,
				53E9D5DB26E5D236DD43C28A /* Pods_CareferTests.framework */,
			);
			name = Frameworks;
			sourceTree = "<group>";
		};
		52E35C562943204000319B74 /* UIViews */ = {
			isa = PBXGroup;
			children = (
				52E35C572943205300319B74 /* SwiftUIViews.swift */,
			);
			path = UIViews;
			sourceTree = "<group>";
		};
		52E35C592943217600319B74 /* Utils */ = {
			isa = PBXGroup;
			children = (
				52E35C5A2943218000319B74 /* Const.swift */,
				52E35C6F2946461700319B74 /* DateUtils.swift */,
				52E35C762946565200319B74 /* GroupElements.swift */,
			);
			path = Utils;
			sourceTree = "<group>";
		};
		52E35C5C2943226100319B74 /* Resources */ = {
			isa = PBXGroup;
			children = (
				52E35C5F294325E600319B74 /* Fonts */,
				52E35C5D2943226E00319B74 /* Colors.swift */,
			);
			path = Resources;
			sourceTree = "<group>";
		};
		52E35C5F294325E600319B74 /* Fonts */ = {
			isa = PBXGroup;
			children = (
				52E35C63294325FF00319B74 /* Rubik-Bold.ttf */,
				52E35C60294325FF00319B74 /* Rubik-Light.ttf */,
				52E35C61294325FF00319B74 /* Rubik-Medium.ttf */,
				52E35C62294325FF00319B74 /* Rubik-Regular.ttf */,
				52E35C64294325FF00319B74 /* Rubik-SemiBold.ttf */,
			);
			path = Fonts;
			sourceTree = "<group>";
		};
		52E35C732946533100319B74 /* Extensions */ = {
			isa = PBXGroup;
			children = (
				52E35C742946537700319B74 /* String+Date.swift */,
			);
			path = Extensions;
			sourceTree = "<group>";
		};
		52E35CF02947EAA500319B74 /* Storage */ = {
			isa = PBXGroup;
			children = (
				52E35CF12947EACE00319B74 /* LocalStorage.swift */,
			);
			path = Storage;
			sourceTree = "<group>";
		};
		52F11D30293F7CC500DB0005 = {
			isa = PBXGroup;
			children = (
				52F11D3B293F7CC600DB0005 /* Carefer */,
				52F11D4C293F7CC800DB0005 /* CareferTests */,
				52F11D56293F7CC800DB0005 /* CareferUITests */,
				52F11D3A293F7CC600DB0005 /* Products */,
				9B6D19FECA485F39A3133E19 /* Pods */,
				3F9A963F6BEAC81E65F18877 /* Frameworks */,
			);
			sourceTree = "<group>";
		};
		52F11D3A293F7CC600DB0005 /* Products */ = {
			isa = PBXGroup;
			children = (
				52F11D39293F7CC600DB0005 /* Carefer.app */,
				52F11D49293F7CC700DB0005 /* CareferTests.xctest */,
				52F11D53293F7CC800DB0005 /* CareferUITests.xctest */,
			);
			name = Products;
			sourceTree = "<group>";
		};
		52F11D3B293F7CC600DB0005 /* Carefer */ = {
			isa = PBXGroup;
			children = (
				52E35CF02947EAA500319B74 /* Storage */,
				52E35C732946533100319B74 /* Extensions */,
				52E35C6A2943264600319B74 /* Info.plist */,
				52E35C5C2943226100319B74 /* Resources */,
				52E35C592943217600319B74 /* Utils */,
				52E35C562943204000319B74 /* UIViews */,
				52F11D92293FF9BC00DB0005 /* Matches */,
				52F11D66293F7DE000DB0005 /* Network */,
				52F11D67293F7DE800DB0005 /* Entities */,
				52F11D40293F7CC700DB0005 /* Assets.xcassets */,
				52F11D42293F7CC700DB0005 /* Preview Content */,
			);
			path = Carefer;
			sourceTree = "<group>";
		};
		52F11D42293F7CC700DB0005 /* Preview Content */ = {
			isa = PBXGroup;
			children = (
				52F11D43293F7CC700DB0005 /* Preview Assets.xcassets */,
			);
			path = "Preview Content";
			sourceTree = "<group>";
		};
		52F11D4C293F7CC800DB0005 /* CareferTests */ = {
			isa = PBXGroup;
			children = (
				52F11D4D293F7CC800DB0005 /* CareferTests.swift */,
			);
			path = CareferTests;
			sourceTree = "<group>";
		};
		52F11D56293F7CC800DB0005 /* CareferUITests */ = {
			isa = PBXGroup;
			children = (
				52F11D57293F7CC800DB0005 /* CareferUITests.swift */,
				52F11D59293F7CC800DB0005 /* CareferUITestsLaunchTests.swift */,
			);
			path = CareferUITests;
			sourceTree = "<group>";
		};
		52F11D66293F7DE000DB0005 /* Network */ = {
			isa = PBXGroup;
			children = (
				52F11D86293F805000DB0005 /* ApiService.swift */,
				52F11D88293F9C7900DB0005 /* ApiManager.swift */,
				52F11D8C293F9CFA00DB0005 /* ApiConst.swift */,
				52F11D8E293F9DA300DB0005 /* ApiError.swift */,
				52F11D95293FFD3100DB0005 /* ErrorHandler.swift */,
			);
			path = Network;
			sourceTree = "<group>";
		};
		52F11D67293F7DE800DB0005 /* Entities */ = {
			isa = PBXGroup;
			children = (
				52F11D6A293F7DFC00DB0005 /* Area.swift */,
				52F11D72293F7DFC00DB0005 /* AwayTeam.swift */,
				52F11D6F293F7DFC00DB0005 /* Competition.swift */,
				52F11D75293F7DFC00DB0005 /* ExtraTime.swift */,
				52F11D6B293F7DFC00DB0005 /* Filters.swift */,
				52F11D6E293F7DFC00DB0005 /* FullTime.swift */,
				52F11D69293F7DFC00DB0005 /* HalfTime.swift */,
				52F11D6C293F7DFC00DB0005 /* HomeTeam.swift */,
				52F11D71293F7DFC00DB0005 /* MatchesList.swift */,
				52F11D70293F7DFC00DB0005 /* Matches.swift */,
				52F11D74293F7DFC00DB0005 /* Odds.swift */,
				52F11D6D293F7DFC00DB0005 /* Penalties.swift */,
				52F11D76293F7DFD00DB0005 /* Referees.swift */,
				52F11D68293F7DFC00DB0005 /* Score.swift */,
				52F11D73293F7DFC00DB0005 /* Season.swift */,
				52F11D3C293F7CC600DB0005 /* CareferApp.swift */,
			);
			path = Entities;
			sourceTree = "<group>";
		};
		52F11D92293FF9BC00DB0005 /* Matches */ = {
			isa = PBXGroup;
			children = (
				52F11D3E293F7CC600DB0005 /* MatchesView.swift */,
				52F11D93293FF9CE00DB0005 /* MatchesViewModel.swift */,
				52E35C7A2946659700319B74 /* MatchCard.swift */,
			);
			path = Matches;
			sourceTree = "<group>";
		};
		9B6D19FECA485F39A3133E19 /* Pods */ = {
			isa = PBXGroup;
			children = (
				B3E7D0DC6FDFD5D93DFE3F82 /* Pods-Carefer.debug.xcconfig */,
				D977C31593541F9B6EF625FF /* Pods-Carefer.release.xcconfig */,
				79D0A18364BD04AD91C15A0E /* Pods-Carefer-CareferUITests.debug.xcconfig */,
				590C3622832333492BC13974 /* Pods-Carefer-CareferUITests.release.xcconfig */,
				10FBA7369C74B56790144DC7 /* Pods-CareferTests.debug.xcconfig */,
				96FCD81A463F0F85D62D3267 /* Pods-CareferTests.release.xcconfig */,
			);
			path = Pods;
			sourceTree = "<group>";
		};
/* End PBXGroup section */

/* Begin PBXNativeTarget section */
		52F11D38293F7CC600DB0005 /* Carefer */ = {
			isa = PBXNativeTarget;
			buildConfigurationList = 52F11D5D293F7CC800DB0005 /* Build configuration list for PBXNativeTarget "Carefer" */;
			buildPhases = (
				6A0E3F6F61FFF8D72121622C /* [CP] Check Pods Manifest.lock */,
				52F11D35293F7CC600DB0005 /* Sources */,
				52F11D36293F7CC600DB0005 /* Frameworks */,
				52F11D37293F7CC600DB0005 /* Resources */,
				C27872410FB3E3F5978AA08C /* [CP] Embed Pods Frameworks */,
			);
			buildRules = (
			);
			dependencies = (
			);
			name = Carefer;
			productName = Carefer;
			productReference = 52F11D39293F7CC600DB0005 /* Carefer.app */;
			productType = "com.apple.product-type.application";
		};
		52F11D48293F7CC700DB0005 /* CareferTests */ = {
			isa = PBXNativeTarget;
			buildConfigurationList = 52F11D60293F7CC800DB0005 /* Build configuration list for PBXNativeTarget "CareferTests" */;
			buildPhases = (
				F6C17518F95FCDA9DB12F7BA /* [CP] Check Pods Manifest.lock */,
				52F11D45293F7CC700DB0005 /* Sources */,
				52F11D46293F7CC700DB0005 /* Frameworks */,
				52F11D47293F7CC700DB0005 /* Resources */,
			);
			buildRules = (
			);
			dependencies = (
				52F11D4B293F7CC700DB0005 /* PBXTargetDependency */,
			);
			name = CareferTests;
			productName = CareferTests;
			productReference = 52F11D49293F7CC700DB0005 /* CareferTests.xctest */;
			productType = "com.apple.product-type.bundle.unit-test";
		};
		52F11D52293F7CC800DB0005 /* CareferUITests */ = {
			isa = PBXNativeTarget;
			buildConfigurationList = 52F11D63293F7CC800DB0005 /* Build configuration list for PBXNativeTarget "CareferUITests" */;
			buildPhases = (
				D66585C52C634F3EB88BF197 /* [CP] Check Pods Manifest.lock */,
				52F11D4F293F7CC800DB0005 /* Sources */,
				52F11D50293F7CC800DB0005 /* Frameworks */,
				52F11D51293F7CC800DB0005 /* Resources */,
				FAEE40C9B15347626B0C10EC /* [CP] Embed Pods Frameworks */,
			);
			buildRules = (
			);
			dependencies = (
				52F11D55293F7CC800DB0005 /* PBXTargetDependency */,
			);
			name = CareferUITests;
			productName = CareferUITests;
			productReference = 52F11D53293F7CC800DB0005 /* CareferUITests.xctest */;
			productType = "com.apple.product-type.bundle.ui-testing";
		};
/* End PBXNativeTarget section */

/* Begin PBXProject section */
		52F11D31293F7CC500DB0005 /* Project object */ = {
			isa = PBXProject;
			attributes = {
				BuildIndependentTargetsInParallel = 1;
				LastSwiftUpdateCheck = 1400;
				LastUpgradeCheck = 1400;
				TargetAttributes = {
					52F11D38293F7CC600DB0005 = {
						CreatedOnToolsVersion = 14.0.1;
					};
					52F11D48293F7CC700DB0005 = {
						CreatedOnToolsVersion = 14.0.1;
						TestTargetID = 52F11D38293F7CC600DB0005;
					};
					52F11D52293F7CC800DB0005 = {
						CreatedOnToolsVersion = 14.0.1;
						TestTargetID = 52F11D38293F7CC600DB0005;
					};
				};
			};
			buildConfigurationList = 52F11D34293F7CC500DB0005 /* Build configuration list for PBXProject "Carefer" */;
			compatibilityVersion = "Xcode 14.0";
			developmentRegion = en;
			hasScannedForEncodings = 0;
			knownRegions = (
				en,
				Base,
			);
			mainGroup = 52F11D30293F7CC500DB0005;
			productRefGroup = 52F11D3A293F7CC600DB0005 /* Products */;
			projectDirPath = "";
			projectRoot = "";
			targets = (
				52F11D38293F7CC600DB0005 /* Carefer */,
				52F11D48293F7CC700DB0005 /* CareferTests */,
				52F11D52293F7CC800DB0005 /* CareferUITests */,
			);
		};
/* End PBXProject section */

/* Begin PBXResourcesBuildPhase section */
		52F11D37293F7CC600DB0005 /* Resources */ = {
			isa = PBXResourcesBuildPhase;
			buildActionMask = 2147483647;
			files = (
				52F11D44293F7CC700DB0005 /* Preview Assets.xcassets in Resources */,
				52E35C68294325FF00319B74 /* Rubik-Bold.ttf in Resources */,
				52E35C65294325FF00319B74 /* Rubik-Light.ttf in Resources */,
				52F11D41293F7CC700DB0005 /* Assets.xcassets in Resources */,
				52E35C67294325FF00319B74 /* Rubik-Regular.ttf in Resources */,
				52E35C66294325FF00319B74 /* Rubik-Medium.ttf in Resources */,
				52E35C69294325FF00319B74 /* Rubik-SemiBold.ttf in Resources */,
			);
			runOnlyForDeploymentPostprocessing = 0;
		};
		52F11D47293F7CC700DB0005 /* Resources */ = {
			isa = PBXResourcesBuildPhase;
			buildActionMask = 2147483647;
			files = (
			);
			runOnlyForDeploymentPostprocessing = 0;
		};
		52F11D51293F7CC800DB0005 /* Resources */ = {
			isa = PBXResourcesBuildPhase;
			buildActionMask = 2147483647;
			files = (
			);
			runOnlyForDeploymentPostprocessing = 0;
		};
/* End PBXResourcesBuildPhase section */

/* Begin PBXShellScriptBuildPhase section */
		6A0E3F6F61FFF8D72121622C /* [CP] Check Pods Manifest.lock */ = {
			isa = PBXShellScriptBuildPhase;
			buildActionMask = 2147483647;
			files = (
			);
			inputFileListPaths = (
			);
			inputPaths = (
				"${PODS_PODFILE_DIR_PATH}/Podfile.lock",
				"${PODS_ROOT}/Manifest.lock",
			);
			name = "[CP] Check Pods Manifest.lock";
			outputFileListPaths = (
			);
			outputPaths = (
				"$(DERIVED_FILE_DIR)/Pods-Carefer-checkManifestLockResult.txt",
			);
			runOnlyForDeploymentPostprocessing = 0;
			shellPath = /bin/sh;
			shellScript = "diff \"${PODS_PODFILE_DIR_PATH}/Podfile.lock\" \"${PODS_ROOT}/Manifest.lock\" > /dev/null\nif [ $? != 0 ] ; then\n    # print error to STDERR\n    echo \"error: The sandbox is not in sync with the Podfile.lock. Run 'pod install' or update your CocoaPods installation.\" >&2\n    exit 1\nfi\n# This output is used by Xcode 'outputs' to avoid re-running this script phase.\necho \"SUCCESS\" > \"${SCRIPT_OUTPUT_FILE_0}\"\n";
			showEnvVarsInLog = 0;
		};
		C27872410FB3E3F5978AA08C /* [CP] Embed Pods Frameworks */ = {
			isa = PBXShellScriptBuildPhase;
			buildActionMask = 2147483647;
			files = (
			);
			inputFileListPaths = (
				"${PODS_ROOT}/Target Support Files/Pods-Carefer/Pods-Carefer-frameworks-${CONFIGURATION}-input-files.xcfilelist",
			);
			name = "[CP] Embed Pods Frameworks";
			outputFileListPaths = (
				"${PODS_ROOT}/Target Support Files/Pods-Carefer/Pods-Carefer-frameworks-${CONFIGURATION}-output-files.xcfilelist",
			);
			runOnlyForDeploymentPostprocessing = 0;
			shellPath = /bin/sh;
			shellScript = "\"${PODS_ROOT}/Target Support Files/Pods-Carefer/Pods-Carefer-frameworks.sh\"\n";
			showEnvVarsInLog = 0;
		};
		D66585C52C634F3EB88BF197 /* [CP] Check Pods Manifest.lock */ = {
			isa = PBXShellScriptBuildPhase;
			buildActionMask = 2147483647;
			files = (
			);
			inputFileListPaths = (
			);
			inputPaths = (
				"${PODS_PODFILE_DIR_PATH}/Podfile.lock",
				"${PODS_ROOT}/Manifest.lock",
			);
			name = "[CP] Check Pods Manifest.lock";
			outputFileListPaths = (
			);
			outputPaths = (
				"$(DERIVED_FILE_DIR)/Pods-Carefer-CareferUITests-checkManifestLockResult.txt",
			);
			runOnlyForDeploymentPostprocessing = 0;
			shellPath = /bin/sh;
			shellScript = "diff \"${PODS_PODFILE_DIR_PATH}/Podfile.lock\" \"${PODS_ROOT}/Manifest.lock\" > /dev/null\nif [ $? != 0 ] ; then\n    # print error to STDERR\n    echo \"error: The sandbox is not in sync with the Podfile.lock. Run 'pod install' or update your CocoaPods installation.\" >&2\n    exit 1\nfi\n# This output is used by Xcode 'outputs' to avoid re-running this script phase.\necho \"SUCCESS\" > \"${SCRIPT_OUTPUT_FILE_0}\"\n";
			showEnvVarsInLog = 0;
		};
		F6C17518F95FCDA9DB12F7BA /* [CP] Check Pods Manifest.lock */ = {
			isa = PBXShellScriptBuildPhase;
			buildActionMask = 2147483647;
			files = (
			);
			inputFileListPaths = (
			);
			inputPaths = (
				"${PODS_PODFILE_DIR_PATH}/Podfile.lock",
				"${PODS_ROOT}/Manifest.lock",
			);
			name = "[CP] Check Pods Manifest.lock";
			outputFileListPaths = (
			);
			outputPaths = (
				"$(DERIVED_FILE_DIR)/Pods-CareferTests-checkManifestLockResult.txt",
			);
			runOnlyForDeploymentPostprocessing = 0;
			shellPath = /bin/sh;
			shellScript = "diff \"${PODS_PODFILE_DIR_PATH}/Podfile.lock\" \"${PODS_ROOT}/Manifest.lock\" > /dev/null\nif [ $? != 0 ] ; then\n    # print error to STDERR\n    echo \"error: The sandbox is not in sync with the Podfile.lock. Run 'pod install' or update your CocoaPods installation.\" >&2\n    exit 1\nfi\n# This output is used by Xcode 'outputs' to avoid re-running this script phase.\necho \"SUCCESS\" > \"${SCRIPT_OUTPUT_FILE_0}\"\n";
			showEnvVarsInLog = 0;
		};
		FAEE40C9B15347626B0C10EC /* [CP] Embed Pods Frameworks */ = {
			isa = PBXShellScriptBuildPhase;
			buildActionMask = 2147483647;
			files = (
			);
			inputFileListPaths = (
				"${PODS_ROOT}/Target Support Files/Pods-Carefer-CareferUITests/Pods-Carefer-CareferUITests-frameworks-${CONFIGURATION}-input-files.xcfilelist",
			);
			name = "[CP] Embed Pods Frameworks";
			outputFileListPaths = (
				"${PODS_ROOT}/Target Support Files/Pods-Carefer-CareferUITests/Pods-Carefer-CareferUITests-frameworks-${CONFIGURATION}-output-files.xcfilelist",
			);
			runOnlyForDeploymentPostprocessing = 0;
			shellPath = /bin/sh;
			shellScript = "\"${PODS_ROOT}/Target Support Files/Pods-Carefer-CareferUITests/Pods-Carefer-CareferUITests-frameworks.sh\"\n";
			showEnvVarsInLog = 0;
		};
/* End PBXShellScriptBuildPhase section */

/* Begin PBXSourcesBuildPhase section */
		52F11D35293F7CC600DB0005 /* Sources */ = {
			isa = PBXSourcesBuildPhase;
			buildActionMask = 2147483647;
			files = (
				52E35CF22947EACE00319B74 /* LocalStorage.swift in Sources */,
				52F11D83293F7DFD00DB0005 /* Odds.swift in Sources */,
				52F11D7D293F7DFD00DB0005 /* FullTime.swift in Sources */,
				52F11D8D293F9CFA00DB0005 /* ApiConst.swift in Sources */,
				52F11D7E293F7DFD00DB0005 /* Competition.swift in Sources */,
				52F11D7F293F7DFD00DB0005 /* Matches.swift in Sources */,
				52F11D79293F7DFD00DB0005 /* Area.swift in Sources */,
				52F11D3F293F7CC600DB0005 /* MatchesView.swift in Sources */,
				52F11D80293F7DFD00DB0005 /* MatchesList.swift in Sources */,
				52E35C5B2943218000319B74 /* Const.swift in Sources */,
				52F11D77293F7DFD00DB0005 /* Score.swift in Sources */,
				52F11D7A293F7DFD00DB0005 /* Filters.swift in Sources */,
				52F11D8F293F9DA300DB0005 /* ApiError.swift in Sources */,
				52F11D96293FFD3100DB0005 /* ErrorHandler.swift in Sources */,
				52F11D3D293F7CC600DB0005 /* CareferApp.swift in Sources */,
				52F11D7B293F7DFD00DB0005 /* HomeTeam.swift in Sources */,
				52E35C752946537700319B74 /* String+Date.swift in Sources */,
				52E35C7B2946659700319B74 /* MatchCard.swift in Sources */,
				52F11D78293F7DFD00DB0005 /* HalfTime.swift in Sources */,
				52E35C5E2943226E00319B74 /* Colors.swift in Sources */,
				52F11D7C293F7DFD00DB0005 /* Penalties.swift in Sources */,
				52E35C582943205300319B74 /* SwiftUIViews.swift in Sources */,
				52E35C772946565200319B74 /* GroupElements.swift in Sources */,
				52F11D84293F7DFD00DB0005 /* ExtraTime.swift in Sources */,
				52F11D94293FF9CE00DB0005 /* MatchesViewModel.swift in Sources */,
				52F11D89293F9C7900DB0005 /* ApiManager.swift in Sources */,
				52F11D87293F805000DB0005 /* ApiService.swift in Sources */,
				52E35C702946461700319B74 /* DateUtils.swift in Sources */,
				52F11D82293F7DFD00DB0005 /* Season.swift in Sources */,
				52F11D81293F7DFD00DB0005 /* AwayTeam.swift in Sources */,
				52F11D85293F7DFD00DB0005 /* Referees.swift in Sources */,
			);
			runOnlyForDeploymentPostprocessing = 0;
		};
		52F11D45293F7CC700DB0005 /* Sources */ = {
			isa = PBXSourcesBuildPhase;
			buildActionMask = 2147483647;
			files = (
				52F11D4E293F7CC800DB0005 /* CareferTests.swift in Sources */,
			);
			runOnlyForDeploymentPostprocessing = 0;
		};
		52F11D4F293F7CC800DB0005 /* Sources */ = {
			isa = PBXSourcesBuildPhase;
			buildActionMask = 2147483647;
			files = (
				52F11D58293F7CC800DB0005 /* CareferUITests.swift in Sources */,
				52F11D5A293F7CC800DB0005 /* CareferUITestsLaunchTests.swift in Sources */,
			);
			runOnlyForDeploymentPostprocessing = 0;
		};
/* End PBXSourcesBuildPhase section */

/* Begin PBXTargetDependency section */
		52F11D4B293F7CC700DB0005 /* PBXTargetDependency */ = {
			isa = PBXTargetDependency;
			target = 52F11D38293F7CC600DB0005 /* Carefer */;
			targetProxy = 52F11D4A293F7CC700DB0005 /* PBXContainerItemProxy */;
		};
		52F11D55293F7CC800DB0005 /* PBXTargetDependency */ = {
			isa = PBXTargetDependency;
			target = 52F11D38293F7CC600DB0005 /* Carefer */;
			targetProxy = 52F11D54293F7CC800DB0005 /* PBXContainerItemProxy */;
		};
/* End PBXTargetDependency section */

/* Begin XCBuildConfiguration section */
		52F11D5B293F7CC800DB0005 /* Debug */ = {
			isa = XCBuildConfiguration;
			buildSettings = {
				ALWAYS_SEARCH_USER_PATHS = NO;
				CLANG_ANALYZER_NONNULL = YES;
				CLANG_ANALYZER_NUMBER_OBJECT_CONVERSION = YES_AGGRESSIVE;
				CLANG_CXX_LANGUAGE_STANDARD = "gnu++20";
				CLANG_ENABLE_MODULES = YES;
				CLANG_ENABLE_OBJC_ARC = YES;
				CLANG_ENABLE_OBJC_WEAK = YES;
				CLANG_WARN_BLOCK_CAPTURE_AUTORELEASING = YES;
				CLANG_WARN_BOOL_CONVERSION = YES;
				CLANG_WARN_COMMA = YES;
				CLANG_WARN_CONSTANT_CONVERSION = YES;
				CLANG_WARN_DEPRECATED_OBJC_IMPLEMENTATIONS = YES;
				CLANG_WARN_DIRECT_OBJC_ISA_USAGE = YES_ERROR;
				CLANG_WARN_DOCUMENTATION_COMMENTS = YES;
				CLANG_WARN_EMPTY_BODY = YES;
				CLANG_WARN_ENUM_CONVERSION = YES;
				CLANG_WARN_INFINITE_RECURSION = YES;
				CLANG_WARN_INT_CONVERSION = YES;
				CLANG_WARN_NON_LITERAL_NULL_CONVERSION = YES;
				CLANG_WARN_OBJC_IMPLICIT_RETAIN_SELF = YES;
				CLANG_WARN_OBJC_LITERAL_CONVERSION = YES;
				CLANG_WARN_OBJC_ROOT_CLASS = YES_ERROR;
				CLANG_WARN_QUOTED_INCLUDE_IN_FRAMEWORK_HEADER = YES;
				CLANG_WARN_RANGE_LOOP_ANALYSIS = YES;
				CLANG_WARN_STRICT_PROTOTYPES = YES;
				CLANG_WARN_SUSPICIOUS_MOVE = YES;
				CLANG_WARN_UNGUARDED_AVAILABILITY = YES_AGGRESSIVE;
				CLANG_WARN_UNREACHABLE_CODE = YES;
				CLANG_WARN__DUPLICATE_METHOD_MATCH = YES;
				COPY_PHASE_STRIP = NO;
				DEBUG_INFORMATION_FORMAT = dwarf;
				ENABLE_STRICT_OBJC_MSGSEND = YES;
				ENABLE_TESTABILITY = YES;
				GCC_C_LANGUAGE_STANDARD = gnu11;
				GCC_DYNAMIC_NO_PIC = NO;
				GCC_NO_COMMON_BLOCKS = YES;
				GCC_OPTIMIZATION_LEVEL = 0;
				GCC_PREPROCESSOR_DEFINITIONS = (
					"DEBUG=1",
					"$(inherited)",
				);
				GCC_WARN_64_TO_32_BIT_CONVERSION = YES;
				GCC_WARN_ABOUT_RETURN_TYPE = YES_ERROR;
				GCC_WARN_UNDECLARED_SELECTOR = YES;
				GCC_WARN_UNINITIALIZED_AUTOS = YES_AGGRESSIVE;
				GCC_WARN_UNUSED_FUNCTION = YES;
				GCC_WARN_UNUSED_VARIABLE = YES;
				IPHONEOS_DEPLOYMENT_TARGET = 16.0;
				MTL_ENABLE_DEBUG_INFO = INCLUDE_SOURCE;
				MTL_FAST_MATH = YES;
				ONLY_ACTIVE_ARCH = YES;
				SDKROOT = iphoneos;
				SWIFT_ACTIVE_COMPILATION_CONDITIONS = DEBUG;
				SWIFT_OPTIMIZATION_LEVEL = "-Onone";
			};
			name = Debug;
		};
		52F11D5C293F7CC800DB0005 /* Release */ = {
			isa = XCBuildConfiguration;
			buildSettings = {
				ALWAYS_SEARCH_USER_PATHS = NO;
				CLANG_ANALYZER_NONNULL = YES;
				CLANG_ANALYZER_NUMBER_OBJECT_CONVERSION = YES_AGGRESSIVE;
				CLANG_CXX_LANGUAGE_STANDARD = "gnu++20";
				CLANG_ENABLE_MODULES = YES;
				CLANG_ENABLE_OBJC_ARC = YES;
				CLANG_ENABLE_OBJC_WEAK = YES;
				CLANG_WARN_BLOCK_CAPTURE_AUTORELEASING = YES;
				CLANG_WARN_BOOL_CONVERSION = YES;
				CLANG_WARN_COMMA = YES;
				CLANG_WARN_CONSTANT_CONVERSION = YES;
				CLANG_WARN_DEPRECATED_OBJC_IMPLEMENTATIONS = YES;
				CLANG_WARN_DIRECT_OBJC_ISA_USAGE = YES_ERROR;
				CLANG_WARN_DOCUMENTATION_COMMENTS = YES;
				CLANG_WARN_EMPTY_BODY = YES;
				CLANG_WARN_ENUM_CONVERSION = YES;
				CLANG_WARN_INFINITE_RECURSION = YES;
				CLANG_WARN_INT_CONVERSION = YES;
				CLANG_WARN_NON_LITERAL_NULL_CONVERSION = YES;
				CLANG_WARN_OBJC_IMPLICIT_RETAIN_SELF = YES;
				CLANG_WARN_OBJC_LITERAL_CONVERSION = YES;
				CLANG_WARN_OBJC_ROOT_CLASS = YES_ERROR;
				CLANG_WARN_QUOTED_INCLUDE_IN_FRAMEWORK_HEADER = YES;
				CLANG_WARN_RANGE_LOOP_ANALYSIS = YES;
				CLANG_WARN_STRICT_PROTOTYPES = YES;
				CLANG_WARN_SUSPICIOUS_MOVE = YES;
				CLANG_WARN_UNGUARDED_AVAILABILITY = YES_AGGRESSIVE;
				CLANG_WARN_UNREACHABLE_CODE = YES;
				CLANG_WARN__DUPLICATE_METHOD_MATCH = YES;
				COPY_PHASE_STRIP = NO;
				DEBUG_INFORMATION_FORMAT = "dwarf-with-dsym";
				ENABLE_NS_ASSERTIONS = NO;
				ENABLE_STRICT_OBJC_MSGSEND = YES;
				GCC_C_LANGUAGE_STANDARD = gnu11;
				GCC_NO_COMMON_BLOCKS = YES;
				GCC_WARN_64_TO_32_BIT_CONVERSION = YES;
				GCC_WARN_ABOUT_RETURN_TYPE = YES_ERROR;
				GCC_WARN_UNDECLARED_SELECTOR = YES;
				GCC_WARN_UNINITIALIZED_AUTOS = YES_AGGRESSIVE;
				GCC_WARN_UNUSED_FUNCTION = YES;
				GCC_WARN_UNUSED_VARIABLE = YES;
				IPHONEOS_DEPLOYMENT_TARGET = 16.0;
				MTL_ENABLE_DEBUG_INFO = NO;
				MTL_FAST_MATH = YES;
				SDKROOT = iphoneos;
				SWIFT_COMPILATION_MODE = wholemodule;
				SWIFT_OPTIMIZATION_LEVEL = "-O";
				VALIDATE_PRODUCT = YES;
			};
			name = Release;
		};
		52F11D5E293F7CC800DB0005 /* Debug */ = {
			isa = XCBuildConfiguration;
			baseConfigurationReference = B3E7D0DC6FDFD5D93DFE3F82 /* Pods-Carefer.debug.xcconfig */;
			buildSettings = {
				ASSETCATALOG_COMPILER_APPICON_NAME = AppIcon;
				ASSETCATALOG_COMPILER_GLOBAL_ACCENT_COLOR_NAME = AccentColor;
				CODE_SIGN_STYLE = Automatic;
				CURRENT_PROJECT_VERSION = 1;
				DEVELOPMENT_ASSET_PATHS = "\"Carefer/Preview Content\"";
				ENABLE_PREVIEWS = YES;
				GENERATE_INFOPLIST_FILE = YES;
				INFOPLIST_FILE = Carefer/Info.plist;
				INFOPLIST_KEY_UIApplicationSceneManifest_Generation = YES;
				INFOPLIST_KEY_UIApplicationSupportsIndirectInputEvents = YES;
				INFOPLIST_KEY_UILaunchScreen_Generation = YES;
				INFOPLIST_KEY_UISupportedInterfaceOrientations_iPad = "UIInterfaceOrientationPortrait UIInterfaceOrientationPortraitUpsideDown UIInterfaceOrientationLandscapeLeft UIInterfaceOrientationLandscapeRight";
				INFOPLIST_KEY_UISupportedInterfaceOrientations_iPhone = "UIInterfaceOrientationPortrait UIInterfaceOrientationLandscapeLeft UIInterfaceOrientationLandscapeRight";
				IPHONEOS_DEPLOYMENT_TARGET = 15.0;
				LD_RUNPATH_SEARCH_PATHS = (
					"$(inherited)",
					"@executable_path/Frameworks",
				);
				MARKETING_VERSION = 1.0;
				PRODUCT_BUNDLE_IDENTIFIER = com.task.Carefer;
				PRODUCT_NAME = "$(TARGET_NAME)";
				SUPPORTED_PLATFORMS = "iphoneos iphonesimulator";
				SUPPORTS_MACCATALYST = NO;
				SUPPORTS_MAC_DESIGNED_FOR_IPHONE_IPAD = NO;
				SWIFT_EMIT_LOC_STRINGS = YES;
				SWIFT_VERSION = 5.0;
				TARGETED_DEVICE_FAMILY = 1;
			};
			name = Debug;
		};
		52F11D5F293F7CC800DB0005 /* Release */ = {
			isa = XCBuildConfiguration;
			baseConfigurationReference = D977C31593541F9B6EF625FF /* Pods-Carefer.release.xcconfig */;
			buildSettings = {
				ASSETCATALOG_COMPILER_APPICON_NAME = AppIcon;
				ASSETCATALOG_COMPILER_GLOBAL_ACCENT_COLOR_NAME = AccentColor;
				CODE_SIGN_STYLE = Automatic;
				CURRENT_PROJECT_VERSION = 1;
				DEVELOPMENT_ASSET_PATHS = "\"Carefer/Preview Content\"";
				ENABLE_PREVIEWS = YES;
				GENERATE_INFOPLIST_FILE = YES;
				INFOPLIST_FILE = Carefer/Info.plist;
				INFOPLIST_KEY_UIApplicationSceneManifest_Generation = YES;
				INFOPLIST_KEY_UIApplicationSupportsIndirectInputEvents = YES;
				INFOPLIST_KEY_UILaunchScreen_Generation = YES;
				INFOPLIST_KEY_UISupportedInterfaceOrientations_iPad = "UIInterfaceOrientationPortrait UIInterfaceOrientationPortraitUpsideDown UIInterfaceOrientationLandscapeLeft UIInterfaceOrientationLandscapeRight";
				INFOPLIST_KEY_UISupportedInterfaceOrientations_iPhone = "UIInterfaceOrientationPortrait UIInterfaceOrientationLandscapeLeft UIInterfaceOrientationLandscapeRight";
				IPHONEOS_DEPLOYMENT_TARGET = 15.0;
				LD_RUNPATH_SEARCH_PATHS = (
					"$(inherited)",
					"@executable_path/Frameworks",
				);
				MARKETING_VERSION = 1.0;
				PRODUCT_BUNDLE_IDENTIFIER = com.task.Carefer;
				PRODUCT_NAME = "$(TARGET_NAME)";
				SUPPORTED_PLATFORMS = "iphoneos iphonesimulator";
				SUPPORTS_MACCATALYST = NO;
				SUPPORTS_MAC_DESIGNED_FOR_IPHONE_IPAD = NO;
				SWIFT_EMIT_LOC_STRINGS = YES;
				SWIFT_VERSION = 5.0;
				TARGETED_DEVICE_FAMILY = 1;
			};
			name = Release;
		};
		52F11D61293F7CC800DB0005 /* Debug */ = {
			isa = XCBuildConfiguration;
			baseConfigurationReference = 10FBA7369C74B56790144DC7 /* Pods-CareferTests.debug.xcconfig */;
			buildSettings = {
				ALWAYS_EMBED_SWIFT_STANDARD_LIBRARIES = YES;
				BUNDLE_LOADER = "$(TEST_HOST)";
				CODE_SIGN_STYLE = Automatic;
				CURRENT_PROJECT_VERSION = 1;
				GENERATE_INFOPLIST_FILE = YES;
				IPHONEOS_DEPLOYMENT_TARGET = 16.0;
				MARKETING_VERSION = 1.0;
				PRODUCT_BUNDLE_IDENTIFIER = com.task.CareferTests;
				PRODUCT_NAME = "$(TARGET_NAME)";
				SWIFT_EMIT_LOC_STRINGS = NO;
				SWIFT_VERSION = 5.0;
				TARGETED_DEVICE_FAMILY = "1,2";
				TEST_HOST = "$(BUILT_PRODUCTS_DIR)/Carefer.app/$(BUNDLE_EXECUTABLE_FOLDER_PATH)/Carefer";
			};
			name = Debug;
		};
		52F11D62293F7CC800DB0005 /* Release */ = {
			isa = XCBuildConfiguration;
			baseConfigurationReference = 96FCD81A463F0F85D62D3267 /* Pods-CareferTests.release.xcconfig */;
			buildSettings = {
				ALWAYS_EMBED_SWIFT_STANDARD_LIBRARIES = YES;
				BUNDLE_LOADER = "$(TEST_HOST)";
				CODE_SIGN_STYLE = Automatic;
				CURRENT_PROJECT_VERSION = 1;
				GENERATE_INFOPLIST_FILE = YES;
				IPHONEOS_DEPLOYMENT_TARGET = 16.0;
				MARKETING_VERSION = 1.0;
				PRODUCT_BUNDLE_IDENTIFIER = com.task.CareferTests;
				PRODUCT_NAME = "$(TARGET_NAME)";
				SWIFT_EMIT_LOC_STRINGS = NO;
				SWIFT_VERSION = 5.0;
				TARGETED_DEVICE_FAMILY = "1,2";
				TEST_HOST = "$(BUILT_PRODUCTS_DIR)/Carefer.app/$(BUNDLE_EXECUTABLE_FOLDER_PATH)/Carefer";
			};
			name = Release;
		};
		52F11D64293F7CC800DB0005 /* Debug */ = {
			isa = XCBuildConfiguration;
			baseConfigurationReference = 79D0A18364BD04AD91C15A0E /* Pods-Carefer-CareferUITests.debug.xcconfig */;
			buildSettings = {
				ALWAYS_EMBED_SWIFT_STANDARD_LIBRARIES = YES;
				CODE_SIGN_STYLE = Automatic;
				CURRENT_PROJECT_VERSION = 1;
				GENERATE_INFOPLIST_FILE = YES;
				MARKETING_VERSION = 1.0;
				PRODUCT_BUNDLE_IDENTIFIER = com.task.CareferUITests;
				PRODUCT_NAME = "$(TARGET_NAME)";
				SWIFT_EMIT_LOC_STRINGS = NO;
				SWIFT_VERSION = 5.0;
				TARGETED_DEVICE_FAMILY = "1,2";
				TEST_TARGET_NAME = Carefer;
			};
			name = Debug;
		};
		52F11D65293F7CC800DB0005 /* Release */ = {
			isa = XCBuildConfiguration;
			baseConfigurationReference = 590C3622832333492BC13974 /* Pods-Carefer-CareferUITests.release.xcconfig */;
			buildSettings = {
				ALWAYS_EMBED_SWIFT_STANDARD_LIBRARIES = YES;
				CODE_SIGN_STYLE = Automatic;
				CURRENT_PROJECT_VERSION = 1;
				GENERATE_INFOPLIST_FILE = YES;
				MARKETING_VERSION = 1.0;
				PRODUCT_BUNDLE_IDENTIFIER = com.task.CareferUITests;
				PRODUCT_NAME = "$(TARGET_NAME)";
				SWIFT_EMIT_LOC_STRINGS = NO;
				SWIFT_VERSION = 5.0;
				TARGETED_DEVICE_FAMILY = "1,2";
				TEST_TARGET_NAME = Carefer;
			};
			name = Release;
		};
/* End XCBuildConfiguration section */

/* Begin XCConfigurationList section */
		52F11D34293F7CC500DB0005 /* Build configuration list for PBXProject "Carefer" */ = {
			isa = XCConfigurationList;
			buildConfigurations = (
				52F11D5B293F7CC800DB0005 /* Debug */,
				52F11D5C293F7CC800DB0005 /* Release */,
			);
			defaultConfigurationIsVisible = 0;
			defaultConfigurationName = Release;
		};
		52F11D5D293F7CC800DB0005 /* Build configuration list for PBXNativeTarget "Carefer" */ = {
			isa = XCConfigurationList;
			buildConfigurations = (
				52F11D5E293F7CC800DB0005 /* Debug */,
				52F11D5F293F7CC800DB0005 /* Release */,
			);
			defaultConfigurationIsVisible = 0;
			defaultConfigurationName = Release;
		};
		52F11D60293F7CC800DB0005 /* Build configuration list for PBXNativeTarget "CareferTests" */ = {
			isa = XCConfigurationList;
			buildConfigurations = (
				52F11D61293F7CC800DB0005 /* Debug */,
				52F11D62293F7CC800DB0005 /* Release */,
			);
			defaultConfigurationIsVisible = 0;
			defaultConfigurationName = Release;
		};
		52F11D63293F7CC800DB0005 /* Build configuration list for PBXNativeTarget "CareferUITests" */ = {
			isa = XCConfigurationList;
			buildConfigurations = (
				52F11D64293F7CC800DB0005 /* Debug */,
				52F11D65293F7CC800DB0005 /* Release */,
			);
			defaultConfigurationIsVisible = 0;
			defaultConfigurationName = Release;
		};
/* End XCConfigurationList section */
	};
	rootObject = 52F11D31293F7CC500DB0005 /* Project object */;
}
